
Microsoft Visual Studio Solution File, Format Version 12.00
# Visual Studio Version 17
VisualStudioVersion = 17.3.32929.385
MinimumVisualStudioVersion = 10.0.40219.1
Project("{FAE04EC0-301F-11D3-BF4B-00C04F79EFBC}") = "BasicCalculator", "BasicCalculator\BasicCalculator.csproj", "{827711F8-8D52-4D4F-8C45-0A537660DF95}"
EndProject
Global
	GlobalSection(SolutionConfigurationPlatforms) = preSolution
		Debug|Any CPU = Debug|Any CPU
		Release|Any CPU = Release|Any CPU
	EndGlobalSection
	GlobalSection(ProjectConfigurationPlatforms) = postSolution
		{827711F8-8D52-4D4F-8C45-0A537660DF95}.Debug|Any CPU.ActiveCfg = Debug|Any CPU
		{827711F8-8D52-4D4F-8C45-0A537660DF95}.Debug|Any CPU.Build.0 = Debug|Any CPU
		{827711F8-8D52-4D4F-8C45-0A537660DF95}.Release|Any CPU.ActiveCfg = Release|Any CPU
		{827711F8-8D52-4D4F-8C45-0A537660DF95}.Release|Any CPU.Build.0 = Release|Any CPU
	EndGlobalSection
	GlobalSection(SolutionProperties) = preSolution
		HideSolutionNode = FALSE
	EndGlobalSection
	GlobalSection(ExtensibilityGlobals) = postSolution
		SolutionGuid = {98E8D0DA-52AC-4543-A5FA-D3140841C66C}
	EndGlobalSection
EndGlobal
